
Microsoft Visual Studio Solution File, Format Version 12.00
# Visual Studio Version 16
VisualStudioVersion = 16.0.30709.132
MinimumVisualStudioVersion = 10.0.40219.1
Project("{9A19103F-16F7-4668-BE54-9A1E7A4F7556}") = "StupidTodo.WebApi", "StupidTodo.WebApi\StupidTodo.WebApi.csproj", "{641F1F44-FF43-4927-9505-AD04CF055479}"
EndProject
Project("{9A19103F-16F7-4668-BE54-9A1E7A4F7556}") = "StupidTodo.Domain", "StupidTodo.Domain\StupidTodo.Domain.csproj", "{2181B777-A85A-457A-BE40-3F28B9EE1D3E}"
EndProject
Project("{2150E333-8FDC-42A3-9474-1A3956D46DE8}") = ".Solution", ".Solution", "{1C1F1BB7-4D4D-4589-A095-09B6242339D9}"
	ProjectSection(SolutionItems) = preProject
		.gitattributes = .gitattributes
		.gitignore = .gitignore
		azure-pipelines.yml = azure-pipelines.yml
		Directory.Build.props = Directory.Build.props
		readme.md = readme.md
	EndProjectSection
EndProject
Global
	GlobalSection(SolutionConfigurationPlatforms) = preSolution
		Debug|Any CPU = Debug|Any CPU
		Release|Any CPU = Release|Any CPU
	EndGlobalSection
	GlobalSection(ProjectConfigurationPlatforms) = postSolution
		{641F1F44-FF43-4927-9505-AD04CF055479}.Debug|Any CPU.ActiveCfg = Debug|Any CPU
		{641F1F44-FF43-4927-9505-AD04CF055479}.Debug|Any CPU.Build.0 = Debug|Any CPU
		{641F1F44-FF43-4927-9505-AD04CF055479}.Release|Any CPU.ActiveCfg = Release|Any CPU
		{641F1F44-FF43-4927-9505-AD04CF055479}.Release|Any CPU.Build.0 = Release|Any CPU
		{2181B777-A85A-457A-BE40-3F28B9EE1D3E}.Debug|Any CPU.ActiveCfg = Debug|Any CPU
		{2181B777-A85A-457A-BE40-3F28B9EE1D3E}.Debug|Any CPU.Build.0 = Debug|Any CPU
		{2181B777-A85A-457A-BE40-3F28B9EE1D3E}.Release|Any CPU.ActiveCfg = Release|Any CPU
		{2181B777-A85A-457A-BE40-3F28B9EE1D3E}.Release|Any CPU.Build.0 = Release|Any CPU
	EndGlobalSection
	GlobalSection(SolutionProperties) = preSolution
		HideSolutionNode = FALSE
	EndGlobalSection
	GlobalSection(ExtensibilityGlobals) = postSolution
		SolutionGuid = {16F79120-514E-4EF3-8FD2-7011486C2868}
	EndGlobalSection
EndGlobal
